
Microsoft Visual Studio Solution File, Format Version 12.00
# Visual Studio 15
VisualStudioVersion = 15.0.26124.0
MinimumVisualStudioVersion = 15.0.26124.0
Project("{FAE04EC0-301F-11D3-BF4B-00C04F79EFBC}") = "MakoBlog", "Client\MakoBlog\MakoBlog.csproj", "{87A4EBA6-2DAC-430F-8FF3-BFA28C6FCFCC}"
EndProject
Project("{FAE04EC0-301F-11D3-BF4B-00C04F79EFBC}") = "MakoBlogTests", "Client\MakoBlogTests\MakoBlogTests.csproj", "{24883C28-E224-4EC2-A63D-0FEED42E3454}"
EndProject
Project("{FAE04EC0-301F-11D3-BF4B-00C04F79EFBC}") = "BlogComponents", "Client\BlogComponents\BlogComponents.csproj", "{E8BFDA0F-AAA9-4460-B0B5-76701B76F782}"
EndProject
Project("{FAE04EC0-301F-11D3-BF4B-00C04F79EFBC}") = "BlogComponentsTests", "Client\BlogComponentsTests\BlogComponentsTests.csproj", "{056131D6-3FC3-42E4-8985-7E73A5196853}"
EndProject
Project("{FAE04EC0-301F-11D3-BF4B-00C04F79EFBC}") = "Common", "Common\MakoBlogCommon\MakoBlogCommon.csproj", "{2504EF4D-737D-463D-A284-21C2631D63EF}"
EndProject
Project("{FAE04EC0-301F-11D3-BF4B-00C04F79EFBC}") = "MakoBlogApi", "Server\MakoBlogApi\MakoBlogApi.csproj", "{0910804B-0F86-4D57-A7BB-E5ABC8BA24E0}"
EndProject
Project("{FAE04EC0-301F-11D3-BF4B-00C04F79EFBC}") = "MakoBlogApiTests", "Server\MakoBlogApiTests\MakoBlogApiTests.csproj", "{654460BD-27FF-4023-9783-C2D39DE096C6}"
EndProject
Global
	GlobalSection(SolutionConfigurationPlatforms) = preSolution
		Debug|Any CPU = Debug|Any CPU
		Debug|x64 = Debug|x64
		Debug|x86 = Debug|x86
		Release|Any CPU = Release|Any CPU
		Release|x64 = Release|x64
		Release|x86 = Release|x86
	EndGlobalSection
	GlobalSection(SolutionProperties) = preSolution
		HideSolutionNode = FALSE
	EndGlobalSection
	GlobalSection(ProjectConfigurationPlatforms) = postSolution
		{0910804B-0F86-4D57-A7BB-E5ABC8BA24E0}.Debug|Any CPU.ActiveCfg = Debug|Any CPU
		{0910804B-0F86-4D57-A7BB-E5ABC8BA24E0}.Debug|Any CPU.Build.0 = Debug|Any CPU
		{0910804B-0F86-4D57-A7BB-E5ABC8BA24E0}.Debug|x64.ActiveCfg = Debug|Any CPU
		{0910804B-0F86-4D57-A7BB-E5ABC8BA24E0}.Debug|x64.Build.0 = Debug|Any CPU
		{0910804B-0F86-4D57-A7BB-E5ABC8BA24E0}.Debug|x86.ActiveCfg = Debug|Any CPU
		{0910804B-0F86-4D57-A7BB-E5ABC8BA24E0}.Debug|x86.Build.0 = Debug|Any CPU
		{0910804B-0F86-4D57-A7BB-E5ABC8BA24E0}.Release|Any CPU.ActiveCfg = Release|Any CPU
		{0910804B-0F86-4D57-A7BB-E5ABC8BA24E0}.Release|Any CPU.Build.0 = Release|Any CPU
		{0910804B-0F86-4D57-A7BB-E5ABC8BA24E0}.Release|x64.ActiveCfg = Release|Any CPU
		{0910804B-0F86-4D57-A7BB-E5ABC8BA24E0}.Release|x64.Build.0 = Release|Any CPU
		{0910804B-0F86-4D57-A7BB-E5ABC8BA24E0}.Release|x86.ActiveCfg = Release|Any CPU
		{0910804B-0F86-4D57-A7BB-E5ABC8BA24E0}.Release|x86.Build.0 = Release|Any CPU
		{87A4EBA6-2DAC-430F-8FF3-BFA28C6FCFCC}.Debug|Any CPU.ActiveCfg = Debug|Any CPU
		{87A4EBA6-2DAC-430F-8FF3-BFA28C6FCFCC}.Debug|Any CPU.Build.0 = Debug|Any CPU
		{87A4EBA6-2DAC-430F-8FF3-BFA28C6FCFCC}.Debug|x64.ActiveCfg = Debug|Any CPU
		{87A4EBA6-2DAC-430F-8FF3-BFA28C6FCFCC}.Debug|x64.Build.0 = Debug|Any CPU
		{87A4EBA6-2DAC-430F-8FF3-BFA28C6FCFCC}.Debug|x86.ActiveCfg = Debug|Any CPU
		{87A4EBA6-2DAC-430F-8FF3-BFA28C6FCFCC}.Debug|x86.Build.0 = Debug|Any CPU
		{87A4EBA6-2DAC-430F-8FF3-BFA28C6FCFCC}.Release|Any CPU.ActiveCfg = Release|Any CPU
		{87A4EBA6-2DAC-430F-8FF3-BFA28C6FCFCC}.Release|Any CPU.Build.0 = Release|Any CPU
		{87A4EBA6-2DAC-430F-8FF3-BFA28C6FCFCC}.Release|x64.ActiveCfg = Release|Any CPU
		{87A4EBA6-2DAC-430F-8FF3-BFA28C6FCFCC}.Release|x64.Build.0 = Release|Any CPU
		{87A4EBA6-2DAC-430F-8FF3-BFA28C6FCFCC}.Release|x86.ActiveCfg = Release|Any CPU
		{87A4EBA6-2DAC-430F-8FF3-BFA28C6FCFCC}.Release|x86.Build.0 = Release|Any CPU
		{654460BD-27FF-4023-9783-C2D39DE096C6}.Debug|Any CPU.ActiveCfg = Debug|Any CPU
		{654460BD-27FF-4023-9783-C2D39DE096C6}.Debug|Any CPU.Build.0 = Debug|Any CPU
		{654460BD-27FF-4023-9783-C2D39DE096C6}.Debug|x64.ActiveCfg = Debug|Any CPU
		{654460BD-27FF-4023-9783-C2D39DE096C6}.Debug|x64.Build.0 = Debug|Any CPU
		{654460BD-27FF-4023-9783-C2D39DE096C6}.Debug|x86.ActiveCfg = Debug|Any CPU
		{654460BD-27FF-4023-9783-C2D39DE096C6}.Debug|x86.Build.0 = Debug|Any CPU
		{654460BD-27FF-4023-9783-C2D39DE096C6}.Release|Any CPU.ActiveCfg = Release|Any CPU
		{654460BD-27FF-4023-9783-C2D39DE096C6}.Release|Any CPU.Build.0 = Release|Any CPU
		{654460BD-27FF-4023-9783-C2D39DE096C6}.Release|x64.ActiveCfg = Release|Any CPU
		{654460BD-27FF-4023-9783-C2D39DE096C6}.Release|x64.Build.0 = Release|Any CPU
		{654460BD-27FF-4023-9783-C2D39DE096C6}.Release|x86.ActiveCfg = Release|Any CPU
		{654460BD-27FF-4023-9783-C2D39DE096C6}.Release|x86.Build.0 = Release|Any CPU
		{2504EF4D-737D-463D-A284-21C2631D63EF}.Debug|Any CPU.ActiveCfg = Debug|Any CPU
		{2504EF4D-737D-463D-A284-21C2631D63EF}.Debug|Any CPU.Build.0 = Debug|Any CPU
		{2504EF4D-737D-463D-A284-21C2631D63EF}.Debug|x64.ActiveCfg = Debug|Any CPU
		{2504EF4D-737D-463D-A284-21C2631D63EF}.Debug|x64.Build.0 = Debug|Any CPU
		{2504EF4D-737D-463D-A284-21C2631D63EF}.Debug|x86.ActiveCfg = Debug|Any CPU
		{2504EF4D-737D-463D-A284-21C2631D63EF}.Debug|x86.Build.0 = Debug|Any CPU
		{2504EF4D-737D-463D-A284-21C2631D63EF}.Release|Any CPU.ActiveCfg = Release|Any CPU
		{2504EF4D-737D-463D-A284-21C2631D63EF}.Release|Any CPU.Build.0 = Release|Any CPU
		{2504EF4D-737D-463D-A284-21C2631D63EF}.Release|x64.ActiveCfg = Release|Any CPU
		{2504EF4D-737D-463D-A284-21C2631D63EF}.Release|x64.Build.0 = Release|Any CPU
		{2504EF4D-737D-463D-A284-21C2631D63EF}.Release|x86.ActiveCfg = Release|Any CPU
		{2504EF4D-737D-463D-A284-21C2631D63EF}.Release|x86.Build.0 = Release|Any CPU
		{E8BFDA0F-AAA9-4460-B0B5-76701B76F782}.Debug|Any CPU.ActiveCfg = Debug|Any CPU
		{E8BFDA0F-AAA9-4460-B0B5-76701B76F782}.Debug|Any CPU.Build.0 = Debug|Any CPU
		{E8BFDA0F-AAA9-4460-B0B5-76701B76F782}.Debug|x64.ActiveCfg = Debug|Any CPU
		{E8BFDA0F-AAA9-4460-B0B5-76701B76F782}.Debug|x64.Build.0 = Debug|Any CPU
		{E8BFDA0F-AAA9-4460-B0B5-76701B76F782}.Debug|x86.ActiveCfg = Debug|Any CPU
		{E8BFDA0F-AAA9-4460-B0B5-76701B76F782}.Debug|x86.Build.0 = Debug|Any CPU
		{E8BFDA0F-AAA9-4460-B0B5-76701B76F782}.Release|Any CPU.ActiveCfg = Release|Any CPU
		{E8BFDA0F-AAA9-4460-B0B5-76701B76F782}.Release|Any CPU.Build.0 = Release|Any CPU
		{E8BFDA0F-AAA9-4460-B0B5-76701B76F782}.Release|x64.ActiveCfg = Release|Any CPU
		{E8BFDA0F-AAA9-4460-B0B5-76701B76F782}.Release|x64.Build.0 = Release|Any CPU
		{E8BFDA0F-AAA9-4460-B0B5-76701B76F782}.Release|x86.ActiveCfg = Release|Any CPU
		{E8BFDA0F-AAA9-4460-B0B5-76701B76F782}.Release|x86.Build.0 = Release|Any CPU
		{056131D6-3FC3-42E4-8985-7E73A5196853}.Debug|Any CPU.ActiveCfg = Debug|Any CPU
		{056131D6-3FC3-42E4-8985-7E73A5196853}.Debug|Any CPU.Build.0 = Debug|Any CPU
		{056131D6-3FC3-42E4-8985-7E73A5196853}.Debug|x64.ActiveCfg = Debug|Any CPU
		{056131D6-3FC3-42E4-8985-7E73A5196853}.Debug|x64.Build.0 = Debug|Any CPU
		{056131D6-3FC3-42E4-8985-7E73A5196853}.Debug|x86.ActiveCfg = Debug|Any CPU
		{056131D6-3FC3-42E4-8985-7E73A5196853}.Debug|x86.Build.0 = Debug|Any CPU
		{056131D6-3FC3-42E4-8985-7E73A5196853}.Release|Any CPU.ActiveCfg = Release|Any CPU
		{056131D6-3FC3-42E4-8985-7E73A5196853}.Release|Any CPU.Build.0 = Release|Any CPU
		{056131D6-3FC3-42E4-8985-7E73A5196853}.Release|x64.ActiveCfg = Release|Any CPU
		{056131D6-3FC3-42E4-8985-7E73A5196853}.Release|x64.Build.0 = Release|Any CPU
		{056131D6-3FC3-42E4-8985-7E73A5196853}.Release|x86.ActiveCfg = Release|Any CPU
		{056131D6-3FC3-42E4-8985-7E73A5196853}.Release|x86.Build.0 = Release|Any CPU
	EndGlobalSection
EndGlobal
