
Microsoft Visual Studio Solution File, Format Version 12.00
# Visual Studio 15
VisualStudioVersion = 15.0.26124.0
MinimumVisualStudioVersion = 15.0.26124.0
Project("{FAE04EC0-301F-11D3-BF4B-00C04F79EFBC}") = "MakoBlogUi", "Client\MakoBlogUi\MakoBlogUi.csproj", "{87A4EBA6-2DAC-430F-8FF3-BFA28C6FCFCC}"
EndProject
Project("{FAE04EC0-301F-11D3-BF4B-00C04F79EFBC}") = "MakoBlogUiTests", "Client\MakoBlogUiTests\MakoBlogUiTests.csproj", "{24883C28-E224-4EC2-A63D-0FEED42E3454}"
EndProject
Project("{2150E333-8FDC-42A3-9474-1A3956D46DE8}") = "DataProviders", "Server\DataProviders", "{016CF6CA-A155-42E3-8C80-E411A9A57700}"
EndProject
Project("{FAE04EC0-301F-11D3-BF4B-00C04F79EFBC}") = "DataProviders.Common", "Server\DataProviders\DataProviders.Common\DataProviders.Common.csproj", "{74C75C34-37D0-4A4C-9B90-7157BE9CCBE9}"
EndProject
Project("{FAE04EC0-301F-11D3-BF4B-00C04F79EFBC}") = "JsonDataProvider", "Server\DataProviders\JsonDataProvider\JsonDataProvider.csproj", "{C896DE75-3797-40DD-8E46-43A2E65C9B8D}"
EndProject
Project("{FAE04EC0-301F-11D3-BF4B-00C04F79EFBC}") = "MakoBlogAPI", "Server\MakoBlogAPI\MakoBlogAPI.csproj", "{CEDC7CB9-C850-47EA-8FC5-77DD7B150829}"
EndProject
Project("{FAE04EC0-301F-11D3-BF4B-00C04F79EFBC}") = "MakoBlogCommon", "Common\MakoBlogCommon\MakoBlogCommon.csproj", "{C42A6F0E-BF59-4C73-A8FC-310E85260F78}"
EndProject
Global
	GlobalSection(SolutionConfigurationPlatforms) = preSolution
		Debug|Any CPU = Debug|Any CPU
		Debug|x64 = Debug|x64
		Debug|x86 = Debug|x86
		Release|Any CPU = Release|Any CPU
		Release|x64 = Release|x64
		Release|x86 = Release|x86
	EndGlobalSection
	GlobalSection(SolutionProperties) = preSolution
		HideSolutionNode = FALSE
	EndGlobalSection
	GlobalSection(ProjectConfigurationPlatforms) = postSolution
		{87A4EBA6-2DAC-430F-8FF3-BFA28C6FCFCC}.Debug|Any CPU.ActiveCfg = Debug|Any CPU
		{87A4EBA6-2DAC-430F-8FF3-BFA28C6FCFCC}.Debug|Any CPU.Build.0 = Debug|Any CPU
		{87A4EBA6-2DAC-430F-8FF3-BFA28C6FCFCC}.Debug|x64.ActiveCfg = Debug|Any CPU
		{87A4EBA6-2DAC-430F-8FF3-BFA28C6FCFCC}.Debug|x64.Build.0 = Debug|Any CPU
		{87A4EBA6-2DAC-430F-8FF3-BFA28C6FCFCC}.Debug|x86.ActiveCfg = Debug|Any CPU
		{87A4EBA6-2DAC-430F-8FF3-BFA28C6FCFCC}.Debug|x86.Build.0 = Debug|Any CPU
		{87A4EBA6-2DAC-430F-8FF3-BFA28C6FCFCC}.Release|Any CPU.ActiveCfg = Release|Any CPU
		{87A4EBA6-2DAC-430F-8FF3-BFA28C6FCFCC}.Release|Any CPU.Build.0 = Release|Any CPU
		{87A4EBA6-2DAC-430F-8FF3-BFA28C6FCFCC}.Release|x64.ActiveCfg = Release|Any CPU
		{87A4EBA6-2DAC-430F-8FF3-BFA28C6FCFCC}.Release|x64.Build.0 = Release|Any CPU
		{87A4EBA6-2DAC-430F-8FF3-BFA28C6FCFCC}.Release|x86.ActiveCfg = Release|Any CPU
		{87A4EBA6-2DAC-430F-8FF3-BFA28C6FCFCC}.Release|x86.Build.0 = Release|Any CPU
		{74C75C34-37D0-4A4C-9B90-7157BE9CCBE9}.Debug|Any CPU.ActiveCfg = Debug|Any CPU
		{74C75C34-37D0-4A4C-9B90-7157BE9CCBE9}.Debug|Any CPU.Build.0 = Debug|Any CPU
		{74C75C34-37D0-4A4C-9B90-7157BE9CCBE9}.Debug|x64.ActiveCfg = Debug|Any CPU
		{74C75C34-37D0-4A4C-9B90-7157BE9CCBE9}.Debug|x64.Build.0 = Debug|Any CPU
		{74C75C34-37D0-4A4C-9B90-7157BE9CCBE9}.Debug|x86.ActiveCfg = Debug|Any CPU
		{74C75C34-37D0-4A4C-9B90-7157BE9CCBE9}.Debug|x86.Build.0 = Debug|Any CPU
		{74C75C34-37D0-4A4C-9B90-7157BE9CCBE9}.Release|Any CPU.ActiveCfg = Release|Any CPU
		{74C75C34-37D0-4A4C-9B90-7157BE9CCBE9}.Release|Any CPU.Build.0 = Release|Any CPU
		{74C75C34-37D0-4A4C-9B90-7157BE9CCBE9}.Release|x64.ActiveCfg = Release|Any CPU
		{74C75C34-37D0-4A4C-9B90-7157BE9CCBE9}.Release|x64.Build.0 = Release|Any CPU
		{74C75C34-37D0-4A4C-9B90-7157BE9CCBE9}.Release|x86.ActiveCfg = Release|Any CPU
		{74C75C34-37D0-4A4C-9B90-7157BE9CCBE9}.Release|x86.Build.0 = Release|Any CPU
		{C896DE75-3797-40DD-8E46-43A2E65C9B8D}.Debug|Any CPU.ActiveCfg = Debug|Any CPU
		{C896DE75-3797-40DD-8E46-43A2E65C9B8D}.Debug|Any CPU.Build.0 = Debug|Any CPU
		{C896DE75-3797-40DD-8E46-43A2E65C9B8D}.Debug|x64.ActiveCfg = Debug|Any CPU
		{C896DE75-3797-40DD-8E46-43A2E65C9B8D}.Debug|x64.Build.0 = Debug|Any CPU
		{C896DE75-3797-40DD-8E46-43A2E65C9B8D}.Debug|x86.ActiveCfg = Debug|Any CPU
		{C896DE75-3797-40DD-8E46-43A2E65C9B8D}.Debug|x86.Build.0 = Debug|Any CPU
		{C896DE75-3797-40DD-8E46-43A2E65C9B8D}.Release|Any CPU.ActiveCfg = Release|Any CPU
		{C896DE75-3797-40DD-8E46-43A2E65C9B8D}.Release|Any CPU.Build.0 = Release|Any CPU
		{C896DE75-3797-40DD-8E46-43A2E65C9B8D}.Release|x64.ActiveCfg = Release|Any CPU
		{C896DE75-3797-40DD-8E46-43A2E65C9B8D}.Release|x64.Build.0 = Release|Any CPU
		{C896DE75-3797-40DD-8E46-43A2E65C9B8D}.Release|x86.ActiveCfg = Release|Any CPU
		{C896DE75-3797-40DD-8E46-43A2E65C9B8D}.Release|x86.Build.0 = Release|Any CPU
		{CEDC7CB9-C850-47EA-8FC5-77DD7B150829}.Debug|Any CPU.ActiveCfg = Debug|Any CPU
		{CEDC7CB9-C850-47EA-8FC5-77DD7B150829}.Debug|Any CPU.Build.0 = Debug|Any CPU
		{CEDC7CB9-C850-47EA-8FC5-77DD7B150829}.Debug|x64.ActiveCfg = Debug|Any CPU
		{CEDC7CB9-C850-47EA-8FC5-77DD7B150829}.Debug|x64.Build.0 = Debug|Any CPU
		{CEDC7CB9-C850-47EA-8FC5-77DD7B150829}.Debug|x86.ActiveCfg = Debug|Any CPU
		{CEDC7CB9-C850-47EA-8FC5-77DD7B150829}.Debug|x86.Build.0 = Debug|Any CPU
		{CEDC7CB9-C850-47EA-8FC5-77DD7B150829}.Release|Any CPU.ActiveCfg = Release|Any CPU
		{CEDC7CB9-C850-47EA-8FC5-77DD7B150829}.Release|Any CPU.Build.0 = Release|Any CPU
		{CEDC7CB9-C850-47EA-8FC5-77DD7B150829}.Release|x64.ActiveCfg = Release|Any CPU
		{CEDC7CB9-C850-47EA-8FC5-77DD7B150829}.Release|x64.Build.0 = Release|Any CPU
		{CEDC7CB9-C850-47EA-8FC5-77DD7B150829}.Release|x86.ActiveCfg = Release|Any CPU
		{CEDC7CB9-C850-47EA-8FC5-77DD7B150829}.Release|x86.Build.0 = Release|Any CPU
		{C42A6F0E-BF59-4C73-A8FC-310E85260F78}.Debug|Any CPU.ActiveCfg = Debug|Any CPU
		{C42A6F0E-BF59-4C73-A8FC-310E85260F78}.Debug|Any CPU.Build.0 = Debug|Any CPU
		{C42A6F0E-BF59-4C73-A8FC-310E85260F78}.Debug|x64.ActiveCfg = Debug|Any CPU
		{C42A6F0E-BF59-4C73-A8FC-310E85260F78}.Debug|x64.Build.0 = Debug|Any CPU
		{C42A6F0E-BF59-4C73-A8FC-310E85260F78}.Debug|x86.ActiveCfg = Debug|Any CPU
		{C42A6F0E-BF59-4C73-A8FC-310E85260F78}.Debug|x86.Build.0 = Debug|Any CPU
		{C42A6F0E-BF59-4C73-A8FC-310E85260F78}.Release|Any CPU.ActiveCfg = Release|Any CPU
		{C42A6F0E-BF59-4C73-A8FC-310E85260F78}.Release|Any CPU.Build.0 = Release|Any CPU
		{C42A6F0E-BF59-4C73-A8FC-310E85260F78}.Release|x64.ActiveCfg = Release|Any CPU
		{C42A6F0E-BF59-4C73-A8FC-310E85260F78}.Release|x64.Build.0 = Release|Any CPU
		{C42A6F0E-BF59-4C73-A8FC-310E85260F78}.Release|x86.ActiveCfg = Release|Any CPU
		{C42A6F0E-BF59-4C73-A8FC-310E85260F78}.Release|x86.Build.0 = Release|Any CPU
	EndGlobalSection
	GlobalSection(NestedProjects) = preSolution
		{74C75C34-37D0-4A4C-9B90-7157BE9CCBE9} = {016CF6CA-A155-42E3-8C80-E411A9A57700}
		{C896DE75-3797-40DD-8E46-43A2E65C9B8D} = {016CF6CA-A155-42E3-8C80-E411A9A57700}
	EndGlobalSection
EndGlobal
